// !$*UTF8*$!
{
	archiveVersion = 1;
	classes = {
	};
	objectVersion = 50;
	objects = {

/* Begin PBXBuildFile section */
		24802EBB23B7D7D60075CD63 /* AppDelegate.swift in Sources */ = {isa = PBXBuildFile; fileRef = 24802EBA23B7D7D60075CD63 /* AppDelegate.swift */; };
		24802EBD23B7D7D60075CD63 /* SceneDelegate.swift in Sources */ = {isa = PBXBuildFile; fileRef = 24802EBC23B7D7D60075CD63 /* SceneDelegate.swift */; };
		24802EBF23B7D7D60075CD63 /* ViewController.swift in Sources */ = {isa = PBXBuildFile; fileRef = 24802EBE23B7D7D60075CD63 /* ViewController.swift */; };
		24802EC223B7D7D60075CD63 /* Main.storyboard in Resources */ = {isa = PBXBuildFile; fileRef = 24802EC023B7D7D60075CD63 /* Main.storyboard */; };
		24802EC423B7D7D80075CD63 /* Assets.xcassets in Resources */ = {isa = PBXBuildFile; fileRef = 24802EC323B7D7D80075CD63 /* Assets.xcassets */; };
		24802EC723B7D7D80075CD63 /* LaunchScreen.storyboard in Resources */ = {isa = PBXBuildFile; fileRef = 24802EC523B7D7D80075CD63 /* LaunchScreen.storyboard */; };
/* End PBXBuildFile section */

/* Begin PBXFileReference section */
		24802EB723B7D7D60075CD63 /* Autolayouts.app */ = {isa = PBXFileReference; explicitFileType = wrapper.application; includeInIndex = 0; path = Autolayouts.app; sourceTree = BUILT_PRODUCTS_DIR; };
		24802EBA23B7D7D60075CD63 /* AppDelegate.swift */ = {isa = PBXFileReference; lastKnownFileType = sourcecode.swift; path = AppDelegate.swift; sourceTree = "<group>"; };
		24802EBC23B7D7D60075CD63 /* SceneDelegate.swift */ = {isa = PBXFileReference; lastKnownFileType = sourcecode.swift; path = SceneDelegate.swift; sourceTree = "<group>"; };
		24802EBE23B7D7D60075CD63 /* ViewController.swift */ = {isa = PBXFileReference; lastKnownFileType = sourcecode.swift; path = ViewController.swift; sourceTree = "<group>"; };
		24802EC123B7D7D60075CD63 /* Base */ = {isa = PBXFileReference; lastKnownFileType = file.storyboard; name = Base; path = Base.lproj/Main.storyboard; sourceTree = "<group>"; };
		24802EC323B7D7D80075CD63 /* Assets.xcassets */ = {isa = PBXFileReference; lastKnownFileType = folder.assetcatalog; path = Assets.xcassets; sourceTree = "<group>"; };
		24802EC623B7D7D80075CD63 /* Base */ = {isa = PBXFileReference; lastKnownFileType = file.storyboard; name = Base; path = Base.lproj/LaunchScreen.storyboard; sourceTree = "<group>"; };
		24802EC823B7D7D80075CD63 /* Info.plist */ = {isa = PBXFileReference; lastKnownFileType = text.plist.xml; path = Info.plist; sourceTree = "<group>"; };
/* End PBXFileReference section */

/* Begin PBXFrameworksBuildPhase section */
		24802EB423B7D7D60075CD63 /* Frameworks */ = {
			isa = PBXFrameworksBuildPhase;
			buildActionMask = 2147483647;
			files = (
			);
			runOnlyForDeploymentPostprocessing = 0;
		};
/* End PBXFrameworksBuildPhase section */

/* Begin PBXGroup section */
		24802EAE23B7D7D60075CD63 = {
			isa = PBXGroup;
			children = (
				24802EB923B7D7D60075CD63 /* Autolayouts */,
				24802EB823B7D7D60075CD63 /* Products */,
			);
			sourceTree = "<group>";
		};
		24802EB823B7D7D60075CD63 /* Products */ = {
			isa = PBXGroup;
			children = (
				24802EB723B7D7D60075CD63 /* Autolayouts.app */,
			);
			name = Products;
			sourceTree = "<group>";
		};
		24802EB923B7D7D60075CD63 /* Autolayouts */ = {
			isa = PBXGroup;
			children = (
				24802EBA23B7D7D60075CD63 /* AppDelegate.swift */,
				24802EBC23B7D7D60075CD63 /* SceneDelegate.swift */,
				24802EBE23B7D7D60075CD63 /* ViewController.swift */,
				24802EC023B7D7D60075CD63 /* Main.storyboard */,
				24802EC323B7D7D80075CD63 /* Assets.xcassets */,
				24802EC523B7D7D80075CD63 /* LaunchScreen.storyboard */,
				24802EC823B7D7D80075CD63 /* Info.plist */,
			);
			path = Autolayouts;
			sourceTree = "<group>";
		};
/* End PBXGroup section */

/* Begin PBXNativeTarget section */
		24802EB623B7D7D60075CD63 /* Autolayouts */ = {
			isa = PBXNativeTarget;
			buildConfigurationList = 24802ECB23B7D7D80075CD63 /* Build configuration list for PBXNativeTarget "Autolayouts" */;
			buildPhases = (
				24802EB323B7D7D60075CD63 /* Sources */,
				24802EB423B7D7D60075CD63 /* Frameworks */,
				24802EB523B7D7D60075CD63 /* Resources */,
			);
			buildRules = (
			);
			dependencies = (
			);
			name = Autolayouts;
			productName = Autolayouts;
			productReference = 24802EB723B7D7D60075CD63 /* Autolayouts.app */;
			productType = "com.apple.product-type.application";
		};
/* End PBXNativeTarget section */

/* Begin PBXProject section */
		24802EAF23B7D7D60075CD63 /* Project object */ = {
			isa = PBXProject;
			attributes = {
				LastSwiftUpdateCheck = 1130;
				LastUpgradeCheck = 1130;
				ORGANIZATIONNAME = "iOS Revisited";
				TargetAttributes = {
					24802EB623B7D7D60075CD63 = {
						CreatedOnToolsVersion = 11.3;
					};
				};
			};
			buildConfigurationList = 24802EB223B7D7D60075CD63 /* Build configuration list for PBXProject "Autolayouts" */;
			compatibilityVersion = "Xcode 9.3";
			developmentRegion = en;
			hasScannedForEncodings = 0;
			knownRegions = (
				en,
				Base,
			);
			mainGroup = 24802EAE23B7D7D60075CD63;
			productRefGroup = 24802EB823B7D7D60075CD63 /* Products */;
			projectDirPath = "";
			projectRoot = "";
			targets = (
				24802EB623B7D7D60075CD63 /* Autolayouts */,
			);
		};
/* End PBXProject section */

/* Begin PBXResourcesBuildPhase section */
		24802EB523B7D7D60075CD63 /* Resources */ = {
			isa = PBXResourcesBuildPhase;
			buildActionMask = 2147483647;
			files = (
				24802EC723B7D7D80075CD63 /* LaunchScreen.storyboard in Resources */,
				24802EC423B7D7D80075CD63 /* Assets.xcassets in Resources */,
				24802EC223B7D7D60075CD63 /* Main.storyboard in Resources */,
			);
			runOnlyForDeploymentPostprocessing = 0;
		};
/* End PBXResourcesBuildPhase section */

/* Begin PBXSourcesBuildPhase section */
		24802EB323B7D7D60075CD63 /* Sources */ = {
			isa = PBXSourcesBuildPhase;
			buildActionMask = 2147483647;
			files = (
				24802EBF23B7D7D60075CD63 /* ViewController.swift in Sources */,
				24802EBB23B7D7D60075CD63 /* AppDelegate.swift in Sources */,
				24802EBD23B7D7D60075CD63 /* SceneDelegate.swift in Sources */,
			);
			runOnlyForDeploymentPostprocessing = 0;
		};
/* End PBXSourcesBuildPhase section */

/* Begin PBXVariantGroup section */
		24802EC023B7D7D60075CD63 /* Main.storyboard */ = {
			isa = PBXVariantGroup;
			children = (
				24802EC123B7D7D60075CD63 /* Base */,
			);
			name = Main.storyboard;
			sourceTree = "<group>";
		};
		24802EC523B7D7D80075CD63 /* LaunchScreen.storyboard */ = {
			isa = PBXVariantGroup;
			children = (
				24802EC623B7D7D80075CD63 /* Base */,
			);
			name = LaunchScreen.storyboard;
			sourceTree = "<group>";
		};
/* End PBXVariantGroup section */

/* Begin XCBuildConfiguration section */
		24802EC923B7D7D80075CD63 /* Debug */ = {
			isa = XCBuildConfiguration;
			buildSettings = {
				ALWAYS_SEARCH_USER_PATHS = NO;
				CLANG_ANALYZER_NONNULL = YES;
				CLANG_ANALYZER_NUMBER_OBJECT_CONVERSION = YES_AGGRESSIVE;
				CLANG_CXX_LANGUAGE_STANDARD = "gnu++14";
				CLANG_CXX_LIBRARY = "libc++";
				CLANG_ENABLE_MODULES = YES;
				CLANG_ENABLE_OBJC_ARC = YES;
				CLANG_ENABLE_OBJC_WEAK = YES;
				CLANG_WARN_BLOCK_CAPTURE_AUTORELEASING = YES;
				CLANG_WARN_BOOL_CONVERSION = YES;
				CLANG_WARN_COMMA = YES;
				CLANG_WARN_CONSTANT_CONVERSION = YES;
				CLANG_WARN_DEPRECATED_OBJC_IMPLEMENTATIONS = YES;
				CLANG_WARN_DIRECT_OBJC_ISA_USAGE = YES_ERROR;
				CLANG_WARN_DOCUMENTATION_COMMENTS = YES;
				CLANG_WARN_EMPTY_BODY = YES;
				CLANG_WARN_ENUM_CONVERSION = YES;
				CLANG_WARN_INFINITE_RECURSION = YES;
				CLANG_WARN_INT_CONVERSION = YES;
				CLANG_WARN_NON_LITERAL_NULL_CONVERSION = YES;
				CLANG_WARN_OBJC_IMPLICIT_RETAIN_SELF = YES;
				CLANG_WARN_OBJC_LITERAL_CONVERSION = YES;
				CLANG_WARN_OBJC_ROOT_CLASS = YES_ERROR;
				CLANG_WARN_RANGE_LOOP_ANALYSIS = YES;
				CLANG_WARN_STRICT_PROTOTYPES = YES;
				CLANG_WARN_SUSPICIOUS_MOVE = YES;
				CLANG_WARN_UNGUARDED_AVAILABILITY = YES_AGGRESSIVE;
				CLANG_WARN_UNREACHABLE_CODE = YES;
				CLANG_WARN__DUPLICATE_METHOD_MATCH = YES;
				COPY_PHASE_STRIP = NO;
				DEBUG_INFORMATION_FORMAT = dwarf;
				ENABLE_STRICT_OBJC_MSGSEND = YES;
				ENABLE_TESTABILITY = YES;
				GCC_C_LANGUAGE_STANDARD = gnu11;
				GCC_DYNAMIC_NO_PIC = NO;
				GCC_NO_COMMON_BLOCKS = YES;
				GCC_OPTIMIZATION_LEVEL = 0;
				GCC_PREPROCESSOR_DEFINITIONS = (
					"DEBUG=1",
					"$(inherited)",
				);
				GCC_WARN_64_TO_32_BIT_CONVERSION = YES;
				GCC_WARN_ABOUT_RETURN_TYPE = YES_ERROR;
				GCC_WARN_UNDECLARED_SELECTOR = YES;
				GCC_WARN_UNINITIALIZED_AUTOS = YES_AGGRESSIVE;
				GCC_WARN_UNUSED_FUNCTION = YES;
				GCC_WARN_UNUSED_VARIABLE = YES;
				IPHONEOS_DEPLOYMENT_TARGET = 13.2;
				MTL_ENABLE_DEBUG_INFO = INCLUDE_SOURCE;
				MTL_FAST_MATH = YES;
				ONLY_ACTIVE_ARCH = YES;
				SDKROOT = iphoneos;
				SWIFT_ACTIVE_COMPILATION_CONDITIONS = DEBUG;
				SWIFT_OPTIMIZATION_LEVEL = "-Onone";
			};
			name = Debug;
		};
		24802ECA23B7D7D80075CD63 /* Release */ = {
			isa = XCBuildConfiguration;
			buildSettings = {
				ALWAYS_SEARCH_USER_PATHS = NO;
				CLANG_ANALYZER_NONNULL = YES;
				CLANG_ANALYZER_NUMBER_OBJECT_CONVERSION = YES_AGGRESSIVE;
				CLANG_CXX_LANGUAGE_STANDARD = "gnu++14";
				CLANG_CXX_LIBRARY = "libc++";
				CLANG_ENABLE_MODULES = YES;
				CLANG_ENABLE_OBJC_ARC = YES;
				CLANG_ENABLE_OBJC_WEAK = YES;
				CLANG_WARN_BLOCK_CAPTURE_AUTORELEASING = YES;
				CLANG_WARN_BOOL_CONVERSION = YES;
				CLANG_WARN_COMMA = YES;
				CLANG_WARN_CONSTANT_CONVERSION = YES;
				CLANG_WARN_DEPRECATED_OBJC_IMPLEMENTATIONS = YES;
				CLANG_WARN_DIRECT_OBJC_ISA_USAGE = YES_ERROR;
				CLANG_WARN_DOCUMENTATION_COMMENTS = YES;
				CLANG_WARN_EMPTY_BODY = YES;
				CLANG_WARN_ENUM_CONVERSION = YES;
				CLANG_WARN_INFINITE_RECURSION = YES;
				CLANG_WARN_INT_CONVERSION = YES;
				CLANG_WARN_NON_LITERAL_NULL_CONVERSION = YES;
				CLANG_WARN_OBJC_IMPLICIT_RETAIN_SELF = YES;
				CLANG_WARN_OBJC_LITERAL_CONVERSION = YES;
				CLANG_WARN_OBJC_ROOT_CLASS = YES_ERROR;
				CLANG_WARN_RANGE_LOOP_ANALYSIS = YES;
				CLANG_WARN_STRICT_PROTOTYPES = YES;
				CLANG_WARN_SUSPICIOUS_MOVE = YES;
				CLANG_WARN_UNGUARDED_AVAILABILITY = YES_AGGRESSIVE;
				CLANG_WARN_UNREACHABLE_CODE = YES;
				CLANG_WARN__DUPLICATE_METHOD_MATCH = YES;
				COPY_PHASE_STRIP = NO;
				DEBUG_INFORMATION_FORMAT = "dwarf-with-dsym";
				ENABLE_NS_ASSERTIONS = NO;
				ENABLE_STRICT_OBJC_MSGSEND = YES;
				GCC_C_LANGUAGE_STANDARD = gnu11;
				GCC_NO_COMMON_BLOCKS = YES;
				GCC_WARN_64_TO_32_BIT_CONVERSION = YES;
				GCC_WARN_ABOUT_RETURN_TYPE = YES_ERROR;
				GCC_WARN_UNDECLARED_SELECTOR = YES;
				GCC_WARN_UNINITIALIZED_AUTOS = YES_AGGRESSIVE;
				GCC_WARN_UNUSED_FUNCTION = YES;
				GCC_WARN_UNUSED_VARIABLE = YES;
				IPHONEOS_DEPLOYMENT_TARGET = 13.2;
				MTL_ENABLE_DEBUG_INFO = NO;
				MTL_FAST_MATH = YES;
				SDKROOT = iphoneos;
				SWIFT_COMPILATION_MODE = wholemodule;
				SWIFT_OPTIMIZATION_LEVEL = "-O";
				VALIDATE_PRODUCT = YES;
			};
			name = Release;
		};
		24802ECC23B7D7D80075CD63 /* Debug */ = {
			isa = XCBuildConfiguration;
			buildSettings = {
				ASSETCATALOG_COMPILER_APPICON_NAME = AppIcon;
				CODE_SIGN_STYLE = Automatic;
				INFOPLIST_FILE = Autolayouts/Info.plist;
				LD_RUNPATH_SEARCH_PATHS = (
					"$(inherited)",
					"@executable_path/Frameworks",
				);
				PRODUCT_BUNDLE_IDENTIFIER = ios.revisited.com.Autolayouts;
				PRODUCT_NAME = "$(TARGET_NAME)";
				SWIFT_VERSION = 5.0;
				TARGETED_DEVICE_FAMILY = "1,2";
			};
			name = Debug;
		};
		24802ECD23B7D7D80075CD63 /* Release */ = {
			isa = XCBuildConfiguration;
			buildSettings = {
				ASSETCATALOG_COMPILER_APPICON_NAME = AppIcon;
				CODE_SIGN_STYLE = Automatic;
				INFOPLIST_FILE = Autolayouts/Info.plist;
				LD_RUNPATH_SEARCH_PATHS = (
					"$(inherited)",
					"@executable_path/Frameworks",
				);
				PRODUCT_BUNDLE_IDENTIFIER = ios.revisited.com.Autolayouts;
				PRODUCT_NAME = "$(TARGET_NAME)";
				SWIFT_VERSION = 5.0;
				TARGETED_DEVICE_FAMILY = "1,2";
			};
			name = Release;
		};
/* End XCBuildConfiguration section */

/* Begin XCConfigurationList section */
		24802EB223B7D7D60075CD63 /* Build configuration list for PBXProject "Autolayouts" */ = {
			isa = XCConfigurationList;
			buildConfigurations = (
				24802EC923B7D7D80075CD63 /* Debug */,
				24802ECA23B7D7D80075CD63 /* Release */,
			);
			defaultConfigurationIsVisible = 0;
			defaultConfigurationName = Release;
		};
		24802ECB23B7D7D80075CD63 /* Build configuration list for PBXNativeTarget "Autolayouts" */ = {
			isa = XCConfigurationList;
			buildConfigurations = (
				24802ECC23B7D7D80075CD63 /* Debug */,
				24802ECD23B7D7D80075CD63 /* Release */,
			);
			defaultConfigurationIsVisible = 0;
			defaultConfigurationName = Release;
		};
/* End XCConfigurationList section */
	};
	rootObject = 24802EAF23B7D7D60075CD63 /* Project object */;
}
